
Microsoft Visual Studio Solution File, Format Version 12.00
# Visual Studio 2013
VisualStudioVersion = 12.0.40629.0
MinimumVisualStudioVersion = 10.0.40219.1
Project("{8BC9CEB8-8B4A-11D0-8D11-00A0C91BC942}") = "ConvertNII", "ConvertNII\ConvertNII\ConvertNII.vcxproj", "{B2C2F911-0531-4334-82C4-A675D9B2CF1B}"
EndProject
Project("{8BC9CEB8-8B4A-11D0-8D11-00A0C91BC942}") = "Cp", "Cp\Cp\Cp.vcxproj", "{285304C3-6C56-49C4-91F6-03E8332751BC}"
EndProject
Project("{8BC9CEB8-8B4A-11D0-8D11-00A0C91BC942}") = "Degree", "Degree\Degree\Degree.vcxproj", "{2B6A645D-BCFC-486A-B0FA-FC6EF5737C37}"
EndProject
Project("{8BC9CEB8-8B4A-11D0-8D11-00A0C91BC942}") = "BFS_MulCPU", "BFS_MulCPU\BFS_MulCPU\BFS_MulCPU.vcxproj", "{64C134E2-15F7-41DC-9CFF-719E0E7D4C27}"
EndProject
Project("{2150E333-8FDC-42A3-9474-1A3956D46DE8}") = "Solution Items", "Solution Items", "{356D47D3-157B-445A-A6E1-18542D355954}"
EndProject
Project("{8BC9CEB8-8B4A-11D0-8D11-00A0C91BC942}") = "PC_CPU", "PC_CPU\PC_CPU\PC_CPU.vcxproj", "{B3F755C9-4B9F-4AED-A171-3269D390228B}"
EndProject
Project("{8BC9CEB8-8B4A-11D0-8D11-00A0C91BC942}") = "Louvain_Modularity", "Louvain_Modularity\Louvain_Modularity\Louvain_Modularity.vcxproj", "{CD5F1456-82DB-4F8F-A11B-F9D930330D1B}"
EndProject
Project("{8BC9CEB8-8B4A-11D0-8D11-00A0C91BC942}") = "SmallWorldProperty", "SmallWorldProperty\SmallWorldProperty.vcxproj", "{D618C77E-A402-4924-BD14-542ADEB16B3D}"
EndProject
Project("{8BC9CEB8-8B4A-11D0-8D11-00A0C91BC942}") = "CUBC_CU75", "BC\CUBC\CUBC_CU75.vcxproj", "{5180B8F5-1079-4970-86D7-0A7E0012BEE4}"
EndProject
Project("{8BC9CEB8-8B4A-11D0-8D11-00A0C91BC942}") = "CUEC_CU75", "CUEC\CUEC\CUEC_CU75.vcxproj", "{39FD15DA-041D-4BFB-9EB1-D5D979DB4AC1}"
EndProject
Project("{8BC9CEB8-8B4A-11D0-8D11-00A0C91BC942}") = "CUModularity_CU75", "Newman_Modularity_GPU\CUmodularity\CUModularity_CU75.vcxproj", "{C6DC11C6-CBF8-4F7C-9D4A-6C4674B75A79}"
EndProject
Project("{8BC9CEB8-8B4A-11D0-8D11-00A0C91BC942}") = "CUBFW_LP_CU75", "Lp\CUBFW_Lp\CUBFW_Lp\CUBFW_LP_CU75.vcxproj", "{15B70764-9307-44EC-8848-B0CCDEF748B4}"
EndProject
Project("{8BC9CEB8-8B4A-11D0-8D11-00A0C91BC942}") = "CUCorMat_CU75", "CorMat\CUCorMat\CUCORMAT\CUCorMat_CU75.vcxproj", "{0D78E9C5-D708-4A51-9EAE-DE8E3E675A0E}"
EndProject
Global
	GlobalSection(SolutionConfigurationPlatforms) = preSolution
		Debug|Mixed Platforms = Debug|Mixed Platforms
		Debug|Win32 = Debug|Win32
		Debug|x64 = Debug|x64
		Release|Mixed Platforms = Release|Mixed Platforms
		Release|Win32 = Release|Win32
		Release|x64 = Release|x64
	EndGlobalSection
	GlobalSection(ProjectConfigurationPlatforms) = postSolution
		{B2C2F911-0531-4334-82C4-A675D9B2CF1B}.Debug|Mixed Platforms.ActiveCfg = Debug|Win32
		{B2C2F911-0531-4334-82C4-A675D9B2CF1B}.Debug|Mixed Platforms.Build.0 = Debug|Win32
		{B2C2F911-0531-4334-82C4-A675D9B2CF1B}.Debug|Win32.ActiveCfg = Debug|Win32
		{B2C2F911-0531-4334-82C4-A675D9B2CF1B}.Debug|Win32.Build.0 = Debug|Win32
		{B2C2F911-0531-4334-82C4-A675D9B2CF1B}.Debug|x64.ActiveCfg = Debug|x64
		{B2C2F911-0531-4334-82C4-A675D9B2CF1B}.Debug|x64.Build.0 = Debug|x64
		{B2C2F911-0531-4334-82C4-A675D9B2CF1B}.Release|Mixed Platforms.ActiveCfg = Release|Win32
		{B2C2F911-0531-4334-82C4-A675D9B2CF1B}.Release|Mixed Platforms.Build.0 = Release|Win32
		{B2C2F911-0531-4334-82C4-A675D9B2CF1B}.Release|Win32.ActiveCfg = Release|Win32
		{B2C2F911-0531-4334-82C4-A675D9B2CF1B}.Release|Win32.Build.0 = Release|Win32
		{B2C2F911-0531-4334-82C4-A675D9B2CF1B}.Release|x64.ActiveCfg = Release|x64
		{B2C2F911-0531-4334-82C4-A675D9B2CF1B}.Release|x64.Build.0 = Release|x64
		{285304C3-6C56-49C4-91F6-03E8332751BC}.Debug|Mixed Platforms.ActiveCfg = Debug|Win32
		{285304C3-6C56-49C4-91F6-03E8332751BC}.Debug|Mixed Platforms.Build.0 = Debug|Win32
		{285304C3-6C56-49C4-91F6-03E8332751BC}.Debug|Win32.ActiveCfg = Debug|Win32
		{285304C3-6C56-49C4-91F6-03E8332751BC}.Debug|Win32.Build.0 = Debug|Win32
		{285304C3-6C56-49C4-91F6-03E8332751BC}.Debug|x64.ActiveCfg = Debug|x64
		{285304C3-6C56-49C4-91F6-03E8332751BC}.Debug|x64.Build.0 = Debug|x64
		{285304C3-6C56-49C4-91F6-03E8332751BC}.Release|Mixed Platforms.ActiveCfg = Release|Win32
		{285304C3-6C56-49C4-91F6-03E8332751BC}.Release|Mixed Platforms.Build.0 = Release|Win32
		{285304C3-6C56-49C4-91F6-03E8332751BC}.Release|Win32.ActiveCfg = Release|Win32
		{285304C3-6C56-49C4-91F6-03E8332751BC}.Release|Win32.Build.0 = Release|Win32
		{285304C3-6C56-49C4-91F6-03E8332751BC}.Release|x64.ActiveCfg = Release|x64
		{285304C3-6C56-49C4-91F6-03E8332751BC}.Release|x64.Build.0 = Release|x64
		{2B6A645D-BCFC-486A-B0FA-FC6EF5737C37}.Debug|Mixed Platforms.ActiveCfg = Debug|Win32
		{2B6A645D-BCFC-486A-B0FA-FC6EF5737C37}.Debug|Mixed Platforms.Build.0 = Debug|Win32
		{2B6A645D-BCFC-486A-B0FA-FC6EF5737C37}.Debug|Win32.ActiveCfg = Debug|Win32
		{2B6A645D-BCFC-486A-B0FA-FC6EF5737C37}.Debug|Win32.Build.0 = Debug|Win32
		{2B6A645D-BCFC-486A-B0FA-FC6EF5737C37}.Debug|x64.ActiveCfg = Debug|x64
		{2B6A645D-BCFC-486A-B0FA-FC6EF5737C37}.Debug|x64.Build.0 = Debug|x64
		{2B6A645D-BCFC-486A-B0FA-FC6EF5737C37}.Release|Mixed Platforms.ActiveCfg = Release|Win32
		{2B6A645D-BCFC-486A-B0FA-FC6EF5737C37}.Release|Mixed Platforms.Build.0 = Release|Win32
		{2B6A645D-BCFC-486A-B0FA-FC6EF5737C37}.Release|Win32.ActiveCfg = Release|Win32
		{2B6A645D-BCFC-486A-B0FA-FC6EF5737C37}.Release|Win32.Build.0 = Release|Win32
		{2B6A645D-BCFC-486A-B0FA-FC6EF5737C37}.Release|x64.ActiveCfg = Release|x64
		{2B6A645D-BCFC-486A-B0FA-FC6EF5737C37}.Release|x64.Build.0 = Release|x64
		{64C134E2-15F7-41DC-9CFF-719E0E7D4C27}.Debug|Mixed Platforms.ActiveCfg = Debug|Win32
		{64C134E2-15F7-41DC-9CFF-719E0E7D4C27}.Debug|Mixed Platforms.Build.0 = Debug|Win32
		{64C134E2-15F7-41DC-9CFF-719E0E7D4C27}.Debug|Win32.ActiveCfg = Debug|Win32
		{64C134E2-15F7-41DC-9CFF-719E0E7D4C27}.Debug|Win32.Build.0 = Debug|Win32
		{64C134E2-15F7-41DC-9CFF-719E0E7D4C27}.Debug|x64.ActiveCfg = Debug|x64
		{64C134E2-15F7-41DC-9CFF-719E0E7D4C27}.Debug|x64.Build.0 = Debug|x64
		{64C134E2-15F7-41DC-9CFF-719E0E7D4C27}.Release|Mixed Platforms.ActiveCfg = Release|Win32
		{64C134E2-15F7-41DC-9CFF-719E0E7D4C27}.Release|Mixed Platforms.Build.0 = Release|Win32
		{64C134E2-15F7-41DC-9CFF-719E0E7D4C27}.Release|Win32.ActiveCfg = Release|Win32
		{64C134E2-15F7-41DC-9CFF-719E0E7D4C27}.Release|Win32.Build.0 = Release|Win32
		{64C134E2-15F7-41DC-9CFF-719E0E7D4C27}.Release|x64.ActiveCfg = Release|x64
		{64C134E2-15F7-41DC-9CFF-719E0E7D4C27}.Release|x64.Build.0 = Release|x64
		{B3F755C9-4B9F-4AED-A171-3269D390228B}.Debug|Mixed Platforms.ActiveCfg = Debug|Win32
		{B3F755C9-4B9F-4AED-A171-3269D390228B}.Debug|Mixed Platforms.Build.0 = Debug|Win32
		{B3F755C9-4B9F-4AED-A171-3269D390228B}.Debug|Win32.ActiveCfg = Debug|Win32
		{B3F755C9-4B9F-4AED-A171-3269D390228B}.Debug|Win32.Build.0 = Debug|Win32
		{B3F755C9-4B9F-4AED-A171-3269D390228B}.Debug|x64.ActiveCfg = Debug|x64
		{B3F755C9-4B9F-4AED-A171-3269D390228B}.Debug|x64.Build.0 = Debug|x64
		{B3F755C9-4B9F-4AED-A171-3269D390228B}.Release|Mixed Platforms.ActiveCfg = Release|Win32
		{B3F755C9-4B9F-4AED-A171-3269D390228B}.Release|Mixed Platforms.Build.0 = Release|Win32
		{B3F755C9-4B9F-4AED-A171-3269D390228B}.Release|Win32.ActiveCfg = Release|Win32
		{B3F755C9-4B9F-4AED-A171-3269D390228B}.Release|Win32.Build.0 = Release|Win32
		{B3F755C9-4B9F-4AED-A171-3269D390228B}.Release|x64.ActiveCfg = Release|x64
		{B3F755C9-4B9F-4AED-A171-3269D390228B}.Release|x64.Build.0 = Release|x64
		{CD5F1456-82DB-4F8F-A11B-F9D930330D1B}.Debug|Mixed Platforms.ActiveCfg = Debug|Win32
		{CD5F1456-82DB-4F8F-A11B-F9D930330D1B}.Debug|Mixed Platforms.Build.0 = Debug|Win32
		{CD5F1456-82DB-4F8F-A11B-F9D930330D1B}.Debug|Win32.ActiveCfg = Debug|Win32
		{CD5F1456-82DB-4F8F-A11B-F9D930330D1B}.Debug|Win32.Build.0 = Debug|Win32
		{CD5F1456-82DB-4F8F-A11B-F9D930330D1B}.Debug|x64.ActiveCfg = Debug|x64
		{CD5F1456-82DB-4F8F-A11B-F9D930330D1B}.Debug|x64.Build.0 = Debug|x64
		{CD5F1456-82DB-4F8F-A11B-F9D930330D1B}.Release|Mixed Platforms.ActiveCfg = Release|Win32
		{CD5F1456-82DB-4F8F-A11B-F9D930330D1B}.Release|Mixed Platforms.Build.0 = Release|Win32
		{CD5F1456-82DB-4F8F-A11B-F9D930330D1B}.Release|Win32.ActiveCfg = Release|Win32
		{CD5F1456-82DB-4F8F-A11B-F9D930330D1B}.Release|Win32.Build.0 = Release|Win32
		{CD5F1456-82DB-4F8F-A11B-F9D930330D1B}.Release|x64.ActiveCfg = Release|x64
		{CD5F1456-82DB-4F8F-A11B-F9D930330D1B}.Release|x64.Build.0 = Release|x64
		{D618C77E-A402-4924-BD14-542ADEB16B3D}.Debug|Mixed Platforms.ActiveCfg = Debug|Win32
		{D618C77E-A402-4924-BD14-542ADEB16B3D}.Debug|Mixed Platforms.Build.0 = Debug|Win32
		{D618C77E-A402-4924-BD14-542ADEB16B3D}.Debug|Win32.ActiveCfg = Debug|Win32
		{D618C77E-A402-4924-BD14-542ADEB16B3D}.Debug|Win32.Build.0 = Debug|Win32
		{D618C77E-A402-4924-BD14-542ADEB16B3D}.Debug|x64.ActiveCfg = Debug|Win32
		{D618C77E-A402-4924-BD14-542ADEB16B3D}.Release|Mixed Platforms.ActiveCfg = Release|Win32
		{D618C77E-A402-4924-BD14-542ADEB16B3D}.Release|Mixed Platforms.Build.0 = Release|Win32
		{D618C77E-A402-4924-BD14-542ADEB16B3D}.Release|Win32.ActiveCfg = Release|Win32
		{D618C77E-A402-4924-BD14-542ADEB16B3D}.Release|Win32.Build.0 = Release|Win32
		{D618C77E-A402-4924-BD14-542ADEB16B3D}.Release|x64.ActiveCfg = Release|Win32
		{D618C77E-A402-4924-BD14-542ADEB16B3D}.Release|x64.Build.0 = Release|Win32
		{5180B8F5-1079-4970-86D7-0A7E0012BEE4}.Debug|Mixed Platforms.ActiveCfg = Debug|Win32
		{5180B8F5-1079-4970-86D7-0A7E0012BEE4}.Debug|Mixed Platforms.Build.0 = Debug|Win32
		{5180B8F5-1079-4970-86D7-0A7E0012BEE4}.Debug|Win32.ActiveCfg = Debug|Win32
		{5180B8F5-1079-4970-86D7-0A7E0012BEE4}.Debug|Win32.Build.0 = Debug|Win32
		{5180B8F5-1079-4970-86D7-0A7E0012BEE4}.Debug|x64.ActiveCfg = Debug|x64
		{5180B8F5-1079-4970-86D7-0A7E0012BEE4}.Debug|x64.Build.0 = Debug|x64
		{5180B8F5-1079-4970-86D7-0A7E0012BEE4}.Release|Mixed Platforms.ActiveCfg = Release|Win32
		{5180B8F5-1079-4970-86D7-0A7E0012BEE4}.Release|Mixed Platforms.Build.0 = Release|Win32
		{5180B8F5-1079-4970-86D7-0A7E0012BEE4}.Release|Win32.ActiveCfg = Release|Win32
		{5180B8F5-1079-4970-86D7-0A7E0012BEE4}.Release|Win32.Build.0 = Release|Win32
		{5180B8F5-1079-4970-86D7-0A7E0012BEE4}.Release|x64.ActiveCfg = Release|x64
		{5180B8F5-1079-4970-86D7-0A7E0012BEE4}.Release|x64.Build.0 = Release|x64
		{39FD15DA-041D-4BFB-9EB1-D5D979DB4AC1}.Debug|Mixed Platforms.ActiveCfg = Debug|Win32
		{39FD15DA-041D-4BFB-9EB1-D5D979DB4AC1}.Debug|Mixed Platforms.Build.0 = Debug|Win32
		{39FD15DA-041D-4BFB-9EB1-D5D979DB4AC1}.Debug|Win32.ActiveCfg = Debug|Win32
		{39FD15DA-041D-4BFB-9EB1-D5D979DB4AC1}.Debug|Win32.Build.0 = Debug|Win32
		{39FD15DA-041D-4BFB-9EB1-D5D979DB4AC1}.Debug|x64.ActiveCfg = Debug|x64
		{39FD15DA-041D-4BFB-9EB1-D5D979DB4AC1}.Debug|x64.Build.0 = Debug|x64
		{39FD15DA-041D-4BFB-9EB1-D5D979DB4AC1}.Release|Mixed Platforms.ActiveCfg = Release|Win32
		{39FD15DA-041D-4BFB-9EB1-D5D979DB4AC1}.Release|Mixed Platforms.Build.0 = Release|Win32
		{39FD15DA-041D-4BFB-9EB1-D5D979DB4AC1}.Release|Win32.ActiveCfg = Release|Win32
		{39FD15DA-041D-4BFB-9EB1-D5D979DB4AC1}.Release|Win32.Build.0 = Release|Win32
		{39FD15DA-041D-4BFB-9EB1-D5D979DB4AC1}.Release|x64.ActiveCfg = Release|x64
		{39FD15DA-041D-4BFB-9EB1-D5D979DB4AC1}.Release|x64.Build.0 = Release|x64
		{C6DC11C6-CBF8-4F7C-9D4A-6C4674B75A79}.Debug|Mixed Platforms.ActiveCfg = Debug|Win32
		{C6DC11C6-CBF8-4F7C-9D4A-6C4674B75A79}.Debug|Mixed Platforms.Build.0 = Debug|Win32
		{C6DC11C6-CBF8-4F7C-9D4A-6C4674B75A79}.Debug|Win32.ActiveCfg = Debug|Win32
		{C6DC11C6-CBF8-4F7C-9D4A-6C4674B75A79}.Debug|Win32.Build.0 = Debug|Win32
		{C6DC11C6-CBF8-4F7C-9D4A-6C4674B75A79}.Debug|x64.ActiveCfg = Debug|x64
		{C6DC11C6-CBF8-4F7C-9D4A-6C4674B75A79}.Debug|x64.Build.0 = Debug|x64
		{C6DC11C6-CBF8-4F7C-9D4A-6C4674B75A79}.Release|Mixed Platforms.ActiveCfg = Release|Win32
		{C6DC11C6-CBF8-4F7C-9D4A-6C4674B75A79}.Release|Mixed Platforms.Build.0 = Release|Win32
		{C6DC11C6-CBF8-4F7C-9D4A-6C4674B75A79}.Release|Win32.ActiveCfg = Release|Win32
		{C6DC11C6-CBF8-4F7C-9D4A-6C4674B75A79}.Release|Win32.Build.0 = Release|Win32
		{C6DC11C6-CBF8-4F7C-9D4A-6C4674B75A79}.Release|x64.ActiveCfg = Release|x64
		{C6DC11C6-CBF8-4F7C-9D4A-6C4674B75A79}.Release|x64.Build.0 = Release|x64
		{15B70764-9307-44EC-8848-B0CCDEF748B4}.Debug|Mixed Platforms.ActiveCfg = Debug|Win32
		{15B70764-9307-44EC-8848-B0CCDEF748B4}.Debug|Mixed Platforms.Build.0 = Debug|Win32
		{15B70764-9307-44EC-8848-B0CCDEF748B4}.Debug|Win32.ActiveCfg = Debug|Win32
		{15B70764-9307-44EC-8848-B0CCDEF748B4}.Debug|Win32.Build.0 = Debug|Win32
		{15B70764-9307-44EC-8848-B0CCDEF748B4}.Debug|x64.ActiveCfg = Debug|x64
		{15B70764-9307-44EC-8848-B0CCDEF748B4}.Debug|x64.Build.0 = Debug|x64
		{15B70764-9307-44EC-8848-B0CCDEF748B4}.Release|Mixed Platforms.ActiveCfg = Release|Win32
		{15B70764-9307-44EC-8848-B0CCDEF748B4}.Release|Mixed Platforms.Build.0 = Release|Win32
		{15B70764-9307-44EC-8848-B0CCDEF748B4}.Release|Win32.ActiveCfg = Release|Win32
		{15B70764-9307-44EC-8848-B0CCDEF748B4}.Release|Win32.Build.0 = Release|Win32
		{15B70764-9307-44EC-8848-B0CCDEF748B4}.Release|x64.ActiveCfg = Release|x64
		{15B70764-9307-44EC-8848-B0CCDEF748B4}.Release|x64.Build.0 = Release|x64
		{0D78E9C5-D708-4A51-9EAE-DE8E3E675A0E}.Debug|Mixed Platforms.ActiveCfg = Debug|Win32
		{0D78E9C5-D708-4A51-9EAE-DE8E3E675A0E}.Debug|Mixed Platforms.Build.0 = Debug|Win32
		{0D78E9C5-D708-4A51-9EAE-DE8E3E675A0E}.Debug|Win32.ActiveCfg = Debug|Win32
		{0D78E9C5-D708-4A51-9EAE-DE8E3E675A0E}.Debug|Win32.Build.0 = Debug|Win32
		{0D78E9C5-D708-4A51-9EAE-DE8E3E675A0E}.Debug|x64.ActiveCfg = Debug|x64
		{0D78E9C5-D708-4A51-9EAE-DE8E3E675A0E}.Debug|x64.Build.0 = Debug|x64
		{0D78E9C5-D708-4A51-9EAE-DE8E3E675A0E}.Release|Mixed Platforms.ActiveCfg = Release|Win32
		{0D78E9C5-D708-4A51-9EAE-DE8E3E675A0E}.Release|Mixed Platforms.Build.0 = Release|Win32
		{0D78E9C5-D708-4A51-9EAE-DE8E3E675A0E}.Release|Win32.ActiveCfg = Release|Win32
		{0D78E9C5-D708-4A51-9EAE-DE8E3E675A0E}.Release|Win32.Build.0 = Release|Win32
		{0D78E9C5-D708-4A51-9EAE-DE8E3E675A0E}.Release|x64.ActiveCfg = Release|x64
		{0D78E9C5-D708-4A51-9EAE-DE8E3E675A0E}.Release|x64.Build.0 = Release|x64
	EndGlobalSection
	GlobalSection(SolutionProperties) = preSolution
		HideSolutionNode = FALSE
	EndGlobalSection
EndGlobal
