
Microsoft Visual Studio Solution File, Format Version 12.00
# Visual Studio 2012
Project("{8BC9CEB8-8B4A-11D0-8D11-00A0C91BC942}") = "CUCorMat", "CUCorMat.vcxproj", "{3ED85F69-EDFD-41F3-A8FC-804596D267AC}"
EndProject
Global
	GlobalSection(SolutionConfigurationPlatforms) = preSolution
		Debug|Win32 = Debug|Win32
		Debug|x64 = Debug|x64
		Release|Win32 = Release|Win32
		Release|x64 = Release|x64
	EndGlobalSection
	GlobalSection(ProjectConfigurationPlatforms) = postSolution
		{3ED85F69-EDFD-41F3-A8FC-804596D267AC}.Debug|Win32.ActiveCfg = Debug|Win32
		{3ED85F69-EDFD-41F3-A8FC-804596D267AC}.Debug|Win32.Build.0 = Debug|Win32
		{3ED85F69-EDFD-41F3-A8FC-804596D267AC}.Debug|x64.ActiveCfg = Debug|x64
		{3ED85F69-EDFD-41F3-A8FC-804596D267AC}.Debug|x64.Build.0 = Debug|x64
		{3ED85F69-EDFD-41F3-A8FC-804596D267AC}.Release|Win32.ActiveCfg = Release|Win32
		{3ED85F69-EDFD-41F3-A8FC-804596D267AC}.Release|Win32.Build.0 = Release|Win32
		{3ED85F69-EDFD-41F3-A8FC-804596D267AC}.Release|x64.ActiveCfg = Release|x64
		{3ED85F69-EDFD-41F3-A8FC-804596D267AC}.Release|x64.Build.0 = Release|x64
	EndGlobalSection
	GlobalSection(SolutionProperties) = preSolution
		HideSolutionNode = FALSE
	EndGlobalSection
EndGlobal
